// !$*UTF8*$!
{
	archiveVersion = 1;
	classes = {
	};
	objectVersion = 50;
	objects = {

/* Begin PBXBuildFile section */
		9F51FD5D20DDE83A0088919C /* AppDelegate.swift in Sources */ = {isa = PBXBuildFile; fileRef = 9F51FD5C20DDE83A0088919C /* AppDelegate.swift */; };
		9F51FD6220DDE83A0088919C /* Main.storyboard in Resources */ = {isa = PBXBuildFile; fileRef = 9F51FD6020DDE83A0088919C /* Main.storyboard */; };
		9F51FD6420DDE83B0088919C /* Assets.xcassets in Resources */ = {isa = PBXBuildFile; fileRef = 9F51FD6320DDE83B0088919C /* Assets.xcassets */; };
		9F51FD6720DDE83B0088919C /* LaunchScreen.storyboard in Resources */ = {isa = PBXBuildFile; fileRef = 9F51FD6520DDE83B0088919C /* LaunchScreen.storyboard */; };
		9F51FD7720DDF7FB0088919C /* MoodBoardViewController.swift in Sources */ = {isa = PBXBuildFile; fileRef = 9F51FD7620DDF7FB0088919C /* MoodBoardViewController.swift */; };
		9F51FD7920DDF91D0088919C /* MoodBoardLayout.swift in Sources */ = {isa = PBXBuildFile; fileRef = 9F51FD7820DDF91D0088919C /* MoodBoardLayout.swift */; };
		9F51FD7B20DDFBE10088919C /* MoodBoardInteractor.swift in Sources */ = {isa = PBXBuildFile; fileRef = 9F51FD7A20DDFBE10088919C /* MoodBoardInteractor.swift */; };
		9F51FD7D20DDFBF70088919C /* MoodBoardPresenter.swift in Sources */ = {isa = PBXBuildFile; fileRef = 9F51FD7C20DDFBF70088919C /* MoodBoardPresenter.swift */; };
		9F51FD8020DDFC290088919C /* MoodBoardProtocols.swift in Sources */ = {isa = PBXBuildFile; fileRef = 9F51FD7F20DDFC290088919C /* MoodBoardProtocols.swift */; };
		9FD7B27420DF59E7001F39B9 /* CHTCollectionViewWaterfallLayout.framework in Frameworks */ = {isa = PBXBuildFile; fileRef = 9FD7B27120DF59D1001F39B9 /* CHTCollectionViewWaterfallLayout.framework */; };
		9FD7B27520DF59E7001F39B9 /* CHTCollectionViewWaterfallLayout.framework in Embed Frameworks */ = {isa = PBXBuildFile; fileRef = 9FD7B27120DF59D1001F39B9 /* CHTCollectionViewWaterfallLayout.framework */; settings = {ATTRIBUTES = (CodeSignOnCopy, RemoveHeadersOnCopy, ); }; };
		9FD7B27620DF59E7001F39B9 /* Kingfisher.framework in Frameworks */ = {isa = PBXBuildFile; fileRef = 9FD7B27020DF59D1001F39B9 /* Kingfisher.framework */; };
		9FD7B27720DF59E7001F39B9 /* Kingfisher.framework in Embed Frameworks */ = {isa = PBXBuildFile; fileRef = 9FD7B27020DF59D1001F39B9 /* Kingfisher.framework */; settings = {ATTRIBUTES = (CodeSignOnCopy, RemoveHeadersOnCopy, ); }; };
		9FD7B27B20DF5D13001F39B9 /* ImageAPIWorker.swift in Sources */ = {isa = PBXBuildFile; fileRef = 9FD7B27A20DF5D13001F39B9 /* ImageAPIWorker.swift */; };
		9FE97F8420DEC8B9009B2B9E /* MoodBoardTextCell.swift in Sources */ = {isa = PBXBuildFile; fileRef = 9FE97F8320DEC8B9009B2B9E /* MoodBoardTextCell.swift */; };
		9FE97F8F20DEC966009B2B9E /* SearchViewController.swift in Sources */ = {isa = PBXBuildFile; fileRef = 9FE97F8E20DEC966009B2B9E /* SearchViewController.swift */; };
		9FE97F9120DEC977009B2B9E /* MoodBoardImageCell.swift in Sources */ = {isa = PBXBuildFile; fileRef = 9FE97F9020DEC977009B2B9E /* MoodBoardImageCell.swift */; };
/* End PBXBuildFile section */

/* Begin PBXCopyFilesBuildPhase section */
		9FD7B27820DF59E7001F39B9 /* Embed Frameworks */ = {
			isa = PBXCopyFilesBuildPhase;
			buildActionMask = 2147483647;
			dstPath = "";
			dstSubfolderSpec = 10;
			files = (
				9FD7B27720DF59E7001F39B9 /* Kingfisher.framework in Embed Frameworks */,
				9FD7B27520DF59E7001F39B9 /* CHTCollectionViewWaterfallLayout.framework in Embed Frameworks */,
			);
			name = "Embed Frameworks";
			runOnlyForDeploymentPostprocessing = 0;
		};
/* End PBXCopyFilesBuildPhase section */

/* Begin PBXFileReference section */
		9F51FD5920DDE83A0088919C /* Hack The Rack Z5.app */ = {isa = PBXFileReference; explicitFileType = wrapper.application; includeInIndex = 0; path = "Hack The Rack Z5.app"; sourceTree = BUILT_PRODUCTS_DIR; };
		9F51FD5C20DDE83A0088919C /* AppDelegate.swift */ = {isa = PBXFileReference; lastKnownFileType = sourcecode.swift; path = AppDelegate.swift; sourceTree = "<group>"; };
		9F51FD6120DDE83A0088919C /* Base */ = {isa = PBXFileReference; lastKnownFileType = file.storyboard; name = Base; path = Base.lproj/Main.storyboard; sourceTree = "<group>"; };
		9F51FD6320DDE83B0088919C /* Assets.xcassets */ = {isa = PBXFileReference; lastKnownFileType = folder.assetcatalog; path = Assets.xcassets; sourceTree = "<group>"; };
		9F51FD6620DDE83B0088919C /* Base */ = {isa = PBXFileReference; lastKnownFileType = file.storyboard; name = Base; path = Base.lproj/LaunchScreen.storyboard; sourceTree = "<group>"; };
		9F51FD6820DDE83B0088919C /* Info.plist */ = {isa = PBXFileReference; lastKnownFileType = text.plist.xml; path = Info.plist; sourceTree = "<group>"; };
		9F51FD7620DDF7FB0088919C /* MoodBoardViewController.swift */ = {isa = PBXFileReference; lastKnownFileType = sourcecode.swift; path = MoodBoardViewController.swift; sourceTree = "<group>"; };
		9F51FD7820DDF91D0088919C /* MoodBoardLayout.swift */ = {isa = PBXFileReference; lastKnownFileType = sourcecode.swift; path = MoodBoardLayout.swift; sourceTree = "<group>"; };
		9F51FD7A20DDFBE10088919C /* MoodBoardInteractor.swift */ = {isa = PBXFileReference; lastKnownFileType = sourcecode.swift; path = MoodBoardInteractor.swift; sourceTree = "<group>"; };
		9F51FD7C20DDFBF70088919C /* MoodBoardPresenter.swift */ = {isa = PBXFileReference; lastKnownFileType = sourcecode.swift; path = MoodBoardPresenter.swift; sourceTree = "<group>"; };
		9F51FD7F20DDFC290088919C /* MoodBoardProtocols.swift */ = {isa = PBXFileReference; lastKnownFileType = sourcecode.swift; path = MoodBoardProtocols.swift; sourceTree = "<group>"; };
		9FD7B27020DF59D1001F39B9 /* Kingfisher.framework */ = {isa = PBXFileReference; lastKnownFileType = wrapper.framework; name = Kingfisher.framework; path = Carthage/Build/iOS/Kingfisher.framework; sourceTree = SOURCE_ROOT; };
		9FD7B27120DF59D1001F39B9 /* CHTCollectionViewWaterfallLayout.framework */ = {isa = PBXFileReference; lastKnownFileType = wrapper.framework; name = CHTCollectionViewWaterfallLayout.framework; path = Carthage/Build/iOS/CHTCollectionViewWaterfallLayout.framework; sourceTree = SOURCE_ROOT; };
		9FD7B27A20DF5D13001F39B9 /* ImageAPIWorker.swift */ = {isa = PBXFileReference; lastKnownFileType = sourcecode.swift; path = ImageAPIWorker.swift; sourceTree = "<group>"; };
		9FE97F8320DEC8B9009B2B9E /* MoodBoardTextCell.swift */ = {isa = PBXFileReference; lastKnownFileType = sourcecode.swift; path = MoodBoardTextCell.swift; sourceTree = "<group>"; };
		9FE97F8E20DEC966009B2B9E /* SearchViewController.swift */ = {isa = PBXFileReference; fileEncoding = 4; lastKnownFileType = sourcecode.swift; path = SearchViewController.swift; sourceTree = "<group>"; };
		9FE97F9020DEC977009B2B9E /* MoodBoardImageCell.swift */ = {isa = PBXFileReference; lastKnownFileType = sourcecode.swift; path = MoodBoardImageCell.swift; sourceTree = "<group>"; };
/* End PBXFileReference section */

/* Begin PBXFrameworksBuildPhase section */
		9F51FD5620DDE83A0088919C /* Frameworks */ = {
			isa = PBXFrameworksBuildPhase;
			buildActionMask = 2147483647;
			files = (
				9FD7B27620DF59E7001F39B9 /* Kingfisher.framework in Frameworks */,
				9FD7B27420DF59E7001F39B9 /* CHTCollectionViewWaterfallLayout.framework in Frameworks */,
			);
			runOnlyForDeploymentPostprocessing = 0;
		};
/* End PBXFrameworksBuildPhase section */

/* Begin PBXGroup section */
		9F51FD5020DDE83A0088919C = {
			isa = PBXGroup;
			children = (
				9FD7B26F20DF59AD001F39B9 /* Frameworks */,
				9F51FD5B20DDE83A0088919C /* Hack The Rack Z5 */,
				9F51FD5A20DDE83A0088919C /* Products */,
			);
			sourceTree = "<group>";
		};
		9F51FD5A20DDE83A0088919C /* Products */ = {
			isa = PBXGroup;
			children = (
				9F51FD5920DDE83A0088919C /* Hack The Rack Z5.app */,
			);
			name = Products;
			sourceTree = "<group>";
		};
		9F51FD5B20DDE83A0088919C /* Hack The Rack Z5 */ = {
			isa = PBXGroup;
			children = (
				9FD7B27920DF5CFC001F39B9 /* API */,
				9F51FD6820DDE83B0088919C /* Info.plist */,
				9F51FD5C20DDE83A0088919C /* AppDelegate.swift */,
				9F51FD6320DDE83B0088919C /* Assets.xcassets */,
				9F51FD6520DDE83B0088919C /* LaunchScreen.storyboard */,
				9F51FD6020DDE83A0088919C /* Main.storyboard */,
				9F51FD6F20DDF0770088919C /* MoodBoard */,
				9FE97F8C20DEC966009B2B9E /* Search */,
			);
			path = "Hack The Rack Z5";
			sourceTree = "<group>";
		};
		9F51FD6F20DDF0770088919C /* MoodBoard */ = {
			isa = PBXGroup;
			children = (
				9F51FD7A20DDFBE10088919C /* MoodBoardInteractor.swift */,
				9F51FD7C20DDFBF70088919C /* MoodBoardPresenter.swift */,
				9F51FD7F20DDFC290088919C /* MoodBoardProtocols.swift */,
				9F51FD7520DDF7E60088919C /* View */,
			);
			path = MoodBoard;
			sourceTree = "<group>";
		};
		9F51FD7520DDF7E60088919C /* View */ = {
			isa = PBXGroup;
			children = (
				9FE97F9020DEC977009B2B9E /* MoodBoardImageCell.swift */,
				9F51FD7820DDF91D0088919C /* MoodBoardLayout.swift */,
				9FE97F8320DEC8B9009B2B9E /* MoodBoardTextCell.swift */,
				9F51FD7620DDF7FB0088919C /* MoodBoardViewController.swift */,
			);
			path = View;
			sourceTree = "<group>";
		};
		9FD7B26F20DF59AD001F39B9 /* Frameworks */ = {
			isa = PBXGroup;
			children = (
				9FD7B27120DF59D1001F39B9 /* CHTCollectionViewWaterfallLayout.framework */,
				9FD7B27020DF59D1001F39B9 /* Kingfisher.framework */,
			);
			path = Frameworks;
			sourceTree = "<group>";
		};
		9FD7B27920DF5CFC001F39B9 /* API */ = {
			isa = PBXGroup;
			children = (
				9FD7B27A20DF5D13001F39B9 /* ImageAPIWorker.swift */,
			);
			path = API;
			sourceTree = "<group>";
		};
		9FE97F8C20DEC966009B2B9E /* Search */ = {
			isa = PBXGroup;
			children = (
				9FE97F8D20DEC966009B2B9E /* View */,
			);
			path = Search;
			sourceTree = "<group>";
		};
		9FE97F8D20DEC966009B2B9E /* View */ = {
			isa = PBXGroup;
			children = (
				9FE97F8E20DEC966009B2B9E /* SearchViewController.swift */,
			);
			path = View;
			sourceTree = "<group>";
		};
/* End PBXGroup section */

/* Begin PBXNativeTarget section */
		9F51FD5820DDE83A0088919C /* Hack The Rack Z5 */ = {
			isa = PBXNativeTarget;
			buildConfigurationList = 9F51FD6B20DDE83B0088919C /* Build configuration list for PBXNativeTarget "Hack The Rack Z5" */;
			buildPhases = (
				9F51FD5520DDE83A0088919C /* Sources */,
				9F51FD5620DDE83A0088919C /* Frameworks */,
				9F51FD5720DDE83A0088919C /* Resources */,
				9FD7B27820DF59E7001F39B9 /* Embed Frameworks */,
			);
			buildRules = (
			);
			dependencies = (
			);
			name = "Hack The Rack Z5";
			productName = "Hack The Rack Z5";
			productReference = 9F51FD5920DDE83A0088919C /* Hack The Rack Z5.app */;
			productType = "com.apple.product-type.application";
		};
/* End PBXNativeTarget section */

/* Begin PBXProject section */
		9F51FD5120DDE83A0088919C /* Project object */ = {
			isa = PBXProject;
			attributes = {
				LastSwiftUpdateCheck = 0940;
				LastUpgradeCheck = 0940;
				ORGANIZATIONNAME = Zuhlke;
				TargetAttributes = {
					9F51FD5820DDE83A0088919C = {
						CreatedOnToolsVersion = 9.4.1;
					};
				};
			};
			buildConfigurationList = 9F51FD5420DDE83A0088919C /* Build configuration list for PBXProject "Hack The Rack Z5" */;
			compatibilityVersion = "Xcode 9.3";
			developmentRegion = en;
			hasScannedForEncodings = 0;
			knownRegions = (
				en,
				Base,
			);
			mainGroup = 9F51FD5020DDE83A0088919C;
			productRefGroup = 9F51FD5A20DDE83A0088919C /* Products */;
			projectDirPath = "";
			projectRoot = "";
			targets = (
				9F51FD5820DDE83A0088919C /* Hack The Rack Z5 */,
			);
		};
/* End PBXProject section */

/* Begin PBXResourcesBuildPhase section */
		9F51FD5720DDE83A0088919C /* Resources */ = {
			isa = PBXResourcesBuildPhase;
			buildActionMask = 2147483647;
			files = (
				9F51FD6720DDE83B0088919C /* LaunchScreen.storyboard in Resources */,
				9F51FD6420DDE83B0088919C /* Assets.xcassets in Resources */,
				9F51FD6220DDE83A0088919C /* Main.storyboard in Resources */,
			);
			runOnlyForDeploymentPostprocessing = 0;
		};
/* End PBXResourcesBuildPhase section */

/* Begin PBXSourcesBuildPhase section */
		9F51FD5520DDE83A0088919C /* Sources */ = {
			isa = PBXSourcesBuildPhase;
			buildActionMask = 2147483647;
			files = (
				9F51FD7720DDF7FB0088919C /* MoodBoardViewController.swift in Sources */,
				9F51FD7920DDF91D0088919C /* MoodBoardLayout.swift in Sources */,
				9FE97F8F20DEC966009B2B9E /* SearchViewController.swift in Sources */,
				9F51FD8020DDFC290088919C /* MoodBoardProtocols.swift in Sources */,
				9F51FD5D20DDE83A0088919C /* AppDelegate.swift in Sources */,
				9F51FD7D20DDFBF70088919C /* MoodBoardPresenter.swift in Sources */,
				9FD7B27B20DF5D13001F39B9 /* ImageAPIWorker.swift in Sources */,
				9FE97F8420DEC8B9009B2B9E /* MoodBoardTextCell.swift in Sources */,
				9FE97F9120DEC977009B2B9E /* MoodBoardImageCell.swift in Sources */,
				9F51FD7B20DDFBE10088919C /* MoodBoardInteractor.swift in Sources */,
			);
			runOnlyForDeploymentPostprocessing = 0;
		};
/* End PBXSourcesBuildPhase section */

/* Begin PBXVariantGroup section */
		9F51FD6020DDE83A0088919C /* Main.storyboard */ = {
			isa = PBXVariantGroup;
			children = (
				9F51FD6120DDE83A0088919C /* Base */,
			);
			name = Main.storyboard;
			sourceTree = "<group>";
		};
		9F51FD6520DDE83B0088919C /* LaunchScreen.storyboard */ = {
			isa = PBXVariantGroup;
			children = (
				9F51FD6620DDE83B0088919C /* Base */,
			);
			name = LaunchScreen.storyboard;
			sourceTree = "<group>";
		};
/* End PBXVariantGroup section */

/* Begin XCBuildConfiguration section */
		9F51FD6920DDE83B0088919C /* Debug */ = {
			isa = XCBuildConfiguration;
			buildSettings = {
				ALWAYS_SEARCH_USER_PATHS = NO;
				CLANG_ANALYZER_NONNULL = YES;
				CLANG_ANALYZER_NUMBER_OBJECT_CONVERSION = YES_AGGRESSIVE;
				CLANG_CXX_LANGUAGE_STANDARD = "gnu++14";
				CLANG_CXX_LIBRARY = "libc++";
				CLANG_ENABLE_MODULES = YES;
				CLANG_ENABLE_OBJC_ARC = YES;
				CLANG_ENABLE_OBJC_WEAK = YES;
				CLANG_WARN_BLOCK_CAPTURE_AUTORELEASING = YES;
				CLANG_WARN_BOOL_CONVERSION = YES;
				CLANG_WARN_COMMA = YES;
				CLANG_WARN_CONSTANT_CONVERSION = YES;
				CLANG_WARN_DEPRECATED_OBJC_IMPLEMENTATIONS = YES;
				CLANG_WARN_DIRECT_OBJC_ISA_USAGE = YES_ERROR;
				CLANG_WARN_DOCUMENTATION_COMMENTS = YES;
				CLANG_WARN_EMPTY_BODY = YES;
				CLANG_WARN_ENUM_CONVERSION = YES;
				CLANG_WARN_INFINITE_RECURSION = YES;
				CLANG_WARN_INT_CONVERSION = YES;
				CLANG_WARN_NON_LITERAL_NULL_CONVERSION = YES;
				CLANG_WARN_OBJC_IMPLICIT_RETAIN_SELF = YES;
				CLANG_WARN_OBJC_LITERAL_CONVERSION = YES;
				CLANG_WARN_OBJC_ROOT_CLASS = YES_ERROR;
				CLANG_WARN_RANGE_LOOP_ANALYSIS = YES;
				CLANG_WARN_STRICT_PROTOTYPES = YES;
				CLANG_WARN_SUSPICIOUS_MOVE = YES;
				CLANG_WARN_UNGUARDED_AVAILABILITY = YES_AGGRESSIVE;
				CLANG_WARN_UNREACHABLE_CODE = YES;
				CLANG_WARN__DUPLICATE_METHOD_MATCH = YES;
				CODE_SIGN_IDENTITY = "iPhone Developer";
				COPY_PHASE_STRIP = NO;
				DEBUG_INFORMATION_FORMAT = dwarf;
				ENABLE_STRICT_OBJC_MSGSEND = YES;
				ENABLE_TESTABILITY = YES;
				GCC_C_LANGUAGE_STANDARD = gnu11;
				GCC_DYNAMIC_NO_PIC = NO;
				GCC_NO_COMMON_BLOCKS = YES;
				GCC_OPTIMIZATION_LEVEL = 0;
				GCC_PREPROCESSOR_DEFINITIONS = (
					"DEBUG=1",
					"$(inherited)",
				);
				GCC_WARN_64_TO_32_BIT_CONVERSION = YES;
				GCC_WARN_ABOUT_RETURN_TYPE = YES_ERROR;
				GCC_WARN_UNDECLARED_SELECTOR = YES;
				GCC_WARN_UNINITIALIZED_AUTOS = YES_AGGRESSIVE;
				GCC_WARN_UNUSED_FUNCTION = YES;
				GCC_WARN_UNUSED_VARIABLE = YES;
				IPHONEOS_DEPLOYMENT_TARGET = 11.4;
				MTL_ENABLE_DEBUG_INFO = YES;
				ONLY_ACTIVE_ARCH = YES;
				SDKROOT = iphoneos;
				SWIFT_ACTIVE_COMPILATION_CONDITIONS = DEBUG;
				SWIFT_OPTIMIZATION_LEVEL = "-Onone";
			};
			name = Debug;
		};
		9F51FD6A20DDE83B0088919C /* Release */ = {
			isa = XCBuildConfiguration;
			buildSettings = {
				ALWAYS_SEARCH_USER_PATHS = NO;
				CLANG_ANALYZER_NONNULL = YES;
				CLANG_ANALYZER_NUMBER_OBJECT_CONVERSION = YES_AGGRESSIVE;
				CLANG_CXX_LANGUAGE_STANDARD = "gnu++14";
				CLANG_CXX_LIBRARY = "libc++";
				CLANG_ENABLE_MODULES = YES;
				CLANG_ENABLE_OBJC_ARC = YES;
				CLANG_ENABLE_OBJC_WEAK = YES;
				CLANG_WARN_BLOCK_CAPTURE_AUTORELEASING = YES;
				CLANG_WARN_BOOL_CONVERSION = YES;
				CLANG_WARN_COMMA = YES;
				CLANG_WARN_CONSTANT_CONVERSION = YES;
				CLANG_WARN_DEPRECATED_OBJC_IMPLEMENTATIONS = YES;
				CLANG_WARN_DIRECT_OBJC_ISA_USAGE = YES_ERROR;
				CLANG_WARN_DOCUMENTATION_COMMENTS = YES;
				CLANG_WARN_EMPTY_BODY = YES;
				CLANG_WARN_ENUM_CONVERSION = YES;
				CLANG_WARN_INFINITE_RECURSION = YES;
				CLANG_WARN_INT_CONVERSION = YES;
				CLANG_WARN_NON_LITERAL_NULL_CONVERSION = YES;
				CLANG_WARN_OBJC_IMPLICIT_RETAIN_SELF = YES;
				CLANG_WARN_OBJC_LITERAL_CONVERSION = YES;
				CLANG_WARN_OBJC_ROOT_CLASS = YES_ERROR;
				CLANG_WARN_RANGE_LOOP_ANALYSIS = YES;
				CLANG_WARN_STRICT_PROTOTYPES = YES;
				CLANG_WARN_SUSPICIOUS_MOVE = YES;
				CLANG_WARN_UNGUARDED_AVAILABILITY = YES_AGGRESSIVE;
				CLANG_WARN_UNREACHABLE_CODE = YES;
				CLANG_WARN__DUPLICATE_METHOD_MATCH = YES;
				CODE_SIGN_IDENTITY = "iPhone Developer";
				COPY_PHASE_STRIP = NO;
				DEBUG_INFORMATION_FORMAT = "dwarf-with-dsym";
				ENABLE_NS_ASSERTIONS = NO;
				ENABLE_STRICT_OBJC_MSGSEND = YES;
				GCC_C_LANGUAGE_STANDARD = gnu11;
				GCC_NO_COMMON_BLOCKS = YES;
				GCC_WARN_64_TO_32_BIT_CONVERSION = YES;
				GCC_WARN_ABOUT_RETURN_TYPE = YES_ERROR;
				GCC_WARN_UNDECLARED_SELECTOR = YES;
				GCC_WARN_UNINITIALIZED_AUTOS = YES_AGGRESSIVE;
				GCC_WARN_UNUSED_FUNCTION = YES;
				GCC_WARN_UNUSED_VARIABLE = YES;
				IPHONEOS_DEPLOYMENT_TARGET = 11.4;
				MTL_ENABLE_DEBUG_INFO = NO;
				SDKROOT = iphoneos;
				SWIFT_COMPILATION_MODE = wholemodule;
				SWIFT_OPTIMIZATION_LEVEL = "-O";
				VALIDATE_PRODUCT = YES;
			};
			name = Release;
		};
		9F51FD6C20DDE83B0088919C /* Debug */ = {
			isa = XCBuildConfiguration;
			buildSettings = {
				ASSETCATALOG_COMPILER_APPICON_NAME = AppIcon;
				CODE_SIGN_STYLE = Automatic;
				FRAMEWORK_SEARCH_PATHS = (
					"$(inherited)",
					"$(PROJECT_DIR)/Carthage/Build/iOS",
				);
				INFOPLIST_FILE = "Hack The Rack Z5/Info.plist";
				LD_RUNPATH_SEARCH_PATHS = (
					"$(inherited)",
					"@executable_path/Frameworks",
				);
				PRODUCT_BUNDLE_IDENTIFIER = "hk.com.zuhlke.Hack-The-Rack-Z5";
				PRODUCT_NAME = "$(TARGET_NAME)";
				SWIFT_VERSION = 4.0;
				TARGETED_DEVICE_FAMILY = "1,2";
			};
			name = Debug;
		};
		9F51FD6D20DDE83B0088919C /* Release */ = {
			isa = XCBuildConfiguration;
			buildSettings = {
				ASSETCATALOG_COMPILER_APPICON_NAME = AppIcon;
				CODE_SIGN_STYLE = Automatic;
				FRAMEWORK_SEARCH_PATHS = (
					"$(inherited)",
					"$(PROJECT_DIR)/Carthage/Build/iOS",
				);
				INFOPLIST_FILE = "Hack The Rack Z5/Info.plist";
				LD_RUNPATH_SEARCH_PATHS = (
					"$(inherited)",
					"@executable_path/Frameworks",
				);
				PRODUCT_BUNDLE_IDENTIFIER = "hk.com.zuhlke.Hack-The-Rack-Z5";
				PRODUCT_NAME = "$(TARGET_NAME)";
				SWIFT_VERSION = 4.0;
				TARGETED_DEVICE_FAMILY = "1,2";
			};
			name = Release;
		};
/* End XCBuildConfiguration section */

/* Begin XCConfigurationList section */
		9F51FD5420DDE83A0088919C /* Build configuration list for PBXProject "Hack The Rack Z5" */ = {
			isa = XCConfigurationList;
			buildConfigurations = (
				9F51FD6920DDE83B0088919C /* Debug */,
				9F51FD6A20DDE83B0088919C /* Release */,
			);
			defaultConfigurationIsVisible = 0;
			defaultConfigurationName = Release;
		};
		9F51FD6B20DDE83B0088919C /* Build configuration list for PBXNativeTarget "Hack The Rack Z5" */ = {
			isa = XCConfigurationList;
			buildConfigurations = (
				9F51FD6C20DDE83B0088919C /* Debug */,
				9F51FD6D20DDE83B0088919C /* Release */,
			);
			defaultConfigurationIsVisible = 0;
			defaultConfigurationName = Release;
		};
/* End XCConfigurationList section */
	};
	rootObject = 9F51FD5120DDE83A0088919C /* Project object */;
}
